
Microsoft Visual Studio Solution File, Format Version 12.00
# Visual Studio Version 17
VisualStudioVersion = 17.5.33424.131
MinimumVisualStudioVersion = 10.0.40219.1
Project("{2150E333-8FDC-42A3-9474-1A3956D46DE8}") = "src", "src", "{AF8AD09C-B12E-4C3B-9909-9051BAA8F4A0}"
EndProject
Project("{2150E333-8FDC-42A3-9474-1A3956D46DE8}") = "tests", "tests", "{8AC39497-E12A-4F7D-ADA5-97FA7428F8DD}"
EndProject
Project("{9A19103F-16F7-4668-BE54-9A1E7A4F7556}") = "QuizCraft.Api.Tests", "tests\QuizCraft.Api.Tests\QuizCraft.Api.Tests.csproj", "{D538BC75-FE71-4D0C-BE77-1CE4761B8B2E}"
EndProject
Project("{2150E333-8FDC-42A3-9474-1A3956D46DE8}") = "Core", "Core", "{0F367464-D424-4C03-A1BF-A660C0BDC11C}"
EndProject
Project("{2150E333-8FDC-42A3-9474-1A3956D46DE8}") = "API", "API", "{C8E67C97-A74C-47C9-B677-3F1B2AF03C51}"
EndProject
Project("{2150E333-8FDC-42A3-9474-1A3956D46DE8}") = "Infrastructure", "Infrastructure", "{E4F8DF14-9E44-4D25-8EEA-7810E12FB3BD}"
EndProject
Project("{9A19103F-16F7-4668-BE54-9A1E7A4F7556}") = "QuizCraft.Application", "src\Core\QuizCraft.Application\QuizCraft.Application.csproj", "{F4B0B790-1A42-4DF3-9245-43EFE1BF8931}"
EndProject
Project("{9A19103F-16F7-4668-BE54-9A1E7A4F7556}") = "QuizCraft.Models", "src\Core\QuizCraft.Models\QuizCraft.Models.csproj", "{8BAF0A59-D4EB-4769-808E-EC2C405859D1}"
EndProject
Project("{9A19103F-16F7-4668-BE54-9A1E7A4F7556}") = "QuizCraft.Persistence", "src\Infrastructure\QuizCraft.Persistence\QuizCraft.Persistence.csproj", "{78CC742C-7486-4513-842A-64B2ADE73251}"
EndProject
Project("{9A19103F-16F7-4668-BE54-9A1E7A4F7556}") = "QuizCraft.Api", "src\API\QuizCraft.Api\QuizCraft.Api.csproj", "{EE913F8B-7E74-4F70-94E0-48ACB8F7252F}"
EndProject
Project("{9A19103F-16F7-4668-BE54-9A1E7A4F7556}") = "QuizCraft.Application.Tests", "tests\QuizCraft.Application.Tests\QuizCraft.Application.Tests.csproj", "{85AFB68B-498E-4004-B46C-DDCF45C422AF}"
EndProject
Project("{9A19103F-16F7-4668-BE54-9A1E7A4F7556}") = "QuizCraft.Persistence.Tests", "tests\QuizCraft.Persistence.Tests\QuizCraft.Persistence.Tests.csproj", "{96B5D2E2-FEE3-4D6D-9B51-C789422E2C84}"
EndProject
Project("{9A19103F-16F7-4668-BE54-9A1E7A4F7556}") = "QuizCraft.Architecture.Tests", "tests\QuizCraft.Architecture.Tests\QuizCraft.Architecture.Tests.csproj", "{E9A9F585-E1DA-49F7-89C5-07E9A6A772C6}"
EndProject
Project("{9A19103F-16F7-4668-BE54-9A1E7A4F7556}") = "QuizCraft.Infrastructure", "src\Infrastructure\QuizCraft.Infrastructure\QuizCraft.Infrastructure.csproj", "{316E915E-51A8-411B-B8FF-69E7B59B5446}"
EndProject
Global
	GlobalSection(SolutionConfigurationPlatforms) = preSolution
		Debug|Any CPU = Debug|Any CPU
		Release|Any CPU = Release|Any CPU
	EndGlobalSection
	GlobalSection(ProjectConfigurationPlatforms) = postSolution
		{D538BC75-FE71-4D0C-BE77-1CE4761B8B2E}.Debug|Any CPU.ActiveCfg = Debug|Any CPU
		{D538BC75-FE71-4D0C-BE77-1CE4761B8B2E}.Debug|Any CPU.Build.0 = Debug|Any CPU
		{D538BC75-FE71-4D0C-BE77-1CE4761B8B2E}.Release|Any CPU.ActiveCfg = Release|Any CPU
		{D538BC75-FE71-4D0C-BE77-1CE4761B8B2E}.Release|Any CPU.Build.0 = Release|Any CPU
		{F4B0B790-1A42-4DF3-9245-43EFE1BF8931}.Debug|Any CPU.ActiveCfg = Debug|Any CPU
		{F4B0B790-1A42-4DF3-9245-43EFE1BF8931}.Debug|Any CPU.Build.0 = Debug|Any CPU
		{F4B0B790-1A42-4DF3-9245-43EFE1BF8931}.Release|Any CPU.ActiveCfg = Release|Any CPU
		{F4B0B790-1A42-4DF3-9245-43EFE1BF8931}.Release|Any CPU.Build.0 = Release|Any CPU
		{8BAF0A59-D4EB-4769-808E-EC2C405859D1}.Debug|Any CPU.ActiveCfg = Debug|Any CPU
		{8BAF0A59-D4EB-4769-808E-EC2C405859D1}.Debug|Any CPU.Build.0 = Debug|Any CPU
		{8BAF0A59-D4EB-4769-808E-EC2C405859D1}.Release|Any CPU.ActiveCfg = Release|Any CPU
		{8BAF0A59-D4EB-4769-808E-EC2C405859D1}.Release|Any CPU.Build.0 = Release|Any CPU
		{78CC742C-7486-4513-842A-64B2ADE73251}.Debug|Any CPU.ActiveCfg = Debug|Any CPU
		{78CC742C-7486-4513-842A-64B2ADE73251}.Debug|Any CPU.Build.0 = Debug|Any CPU
		{78CC742C-7486-4513-842A-64B2ADE73251}.Release|Any CPU.ActiveCfg = Release|Any CPU
		{78CC742C-7486-4513-842A-64B2ADE73251}.Release|Any CPU.Build.0 = Release|Any CPU
		{EE913F8B-7E74-4F70-94E0-48ACB8F7252F}.Debug|Any CPU.ActiveCfg = Debug|Any CPU
		{EE913F8B-7E74-4F70-94E0-48ACB8F7252F}.Debug|Any CPU.Build.0 = Debug|Any CPU
		{EE913F8B-7E74-4F70-94E0-48ACB8F7252F}.Release|Any CPU.ActiveCfg = Release|Any CPU
		{EE913F8B-7E74-4F70-94E0-48ACB8F7252F}.Release|Any CPU.Build.0 = Release|Any CPU
		{85AFB68B-498E-4004-B46C-DDCF45C422AF}.Debug|Any CPU.ActiveCfg = Debug|Any CPU
		{85AFB68B-498E-4004-B46C-DDCF45C422AF}.Debug|Any CPU.Build.0 = Debug|Any CPU
		{85AFB68B-498E-4004-B46C-DDCF45C422AF}.Release|Any CPU.ActiveCfg = Release|Any CPU
		{85AFB68B-498E-4004-B46C-DDCF45C422AF}.Release|Any CPU.Build.0 = Release|Any CPU
		{96B5D2E2-FEE3-4D6D-9B51-C789422E2C84}.Debug|Any CPU.ActiveCfg = Debug|Any CPU
		{96B5D2E2-FEE3-4D6D-9B51-C789422E2C84}.Debug|Any CPU.Build.0 = Debug|Any CPU
		{96B5D2E2-FEE3-4D6D-9B51-C789422E2C84}.Release|Any CPU.ActiveCfg = Release|Any CPU
		{96B5D2E2-FEE3-4D6D-9B51-C789422E2C84}.Release|Any CPU.Build.0 = Release|Any CPU
		{E9A9F585-E1DA-49F7-89C5-07E9A6A772C6}.Debug|Any CPU.ActiveCfg = Debug|Any CPU
		{E9A9F585-E1DA-49F7-89C5-07E9A6A772C6}.Debug|Any CPU.Build.0 = Debug|Any CPU
		{E9A9F585-E1DA-49F7-89C5-07E9A6A772C6}.Release|Any CPU.ActiveCfg = Release|Any CPU
		{E9A9F585-E1DA-49F7-89C5-07E9A6A772C6}.Release|Any CPU.Build.0 = Release|Any CPU
		{316E915E-51A8-411B-B8FF-69E7B59B5446}.Debug|Any CPU.ActiveCfg = Debug|Any CPU
		{316E915E-51A8-411B-B8FF-69E7B59B5446}.Debug|Any CPU.Build.0 = Debug|Any CPU
		{316E915E-51A8-411B-B8FF-69E7B59B5446}.Release|Any CPU.ActiveCfg = Release|Any CPU
		{316E915E-51A8-411B-B8FF-69E7B59B5446}.Release|Any CPU.Build.0 = Release|Any CPU
	EndGlobalSection
	GlobalSection(SolutionProperties) = preSolution
		HideSolutionNode = FALSE
	EndGlobalSection
	GlobalSection(NestedProjects) = preSolution
		{D538BC75-FE71-4D0C-BE77-1CE4761B8B2E} = {8AC39497-E12A-4F7D-ADA5-97FA7428F8DD}
		{0F367464-D424-4C03-A1BF-A660C0BDC11C} = {AF8AD09C-B12E-4C3B-9909-9051BAA8F4A0}
		{C8E67C97-A74C-47C9-B677-3F1B2AF03C51} = {AF8AD09C-B12E-4C3B-9909-9051BAA8F4A0}
		{E4F8DF14-9E44-4D25-8EEA-7810E12FB3BD} = {AF8AD09C-B12E-4C3B-9909-9051BAA8F4A0}
		{F4B0B790-1A42-4DF3-9245-43EFE1BF8931} = {0F367464-D424-4C03-A1BF-A660C0BDC11C}
		{8BAF0A59-D4EB-4769-808E-EC2C405859D1} = {0F367464-D424-4C03-A1BF-A660C0BDC11C}
		{78CC742C-7486-4513-842A-64B2ADE73251} = {E4F8DF14-9E44-4D25-8EEA-7810E12FB3BD}
		{EE913F8B-7E74-4F70-94E0-48ACB8F7252F} = {C8E67C97-A74C-47C9-B677-3F1B2AF03C51}
		{85AFB68B-498E-4004-B46C-DDCF45C422AF} = {8AC39497-E12A-4F7D-ADA5-97FA7428F8DD}
		{96B5D2E2-FEE3-4D6D-9B51-C789422E2C84} = {8AC39497-E12A-4F7D-ADA5-97FA7428F8DD}
		{E9A9F585-E1DA-49F7-89C5-07E9A6A772C6} = {8AC39497-E12A-4F7D-ADA5-97FA7428F8DD}
		{316E915E-51A8-411B-B8FF-69E7B59B5446} = {E4F8DF14-9E44-4D25-8EEA-7810E12FB3BD}
	EndGlobalSection
	GlobalSection(ExtensibilityGlobals) = postSolution
		SolutionGuid = {51EC117B-15FA-4DED-B396-B87536659121}
	EndGlobalSection
EndGlobal
